
Microsoft Visual Studio Solution File, Format Version 12.00
# Visual Studio 15
VisualStudioVersion = 15.0.27703.2000
MinimumVisualStudioVersion = 10.0.40219.1
Project("{FAE04EC0-301F-11D3-BF4B-00C04F79EFBC}") = "Распределение нагрузки", "Распределение нагрузки\Распределение нагрузки.csproj", "{5E2CB90F-C65F-43BD-967E-9965617A0F65}"
EndProject
Project("{00D1A9C2-B5F0-4AF3-8072-F6C62B433612}") = "LoadDatabase", "LoadDatabase\LoadDatabase.sqlproj", "{02E87604-162E-497E-8AFB-D0317075C7DC}"
EndProject
Global
	GlobalSection(SolutionConfigurationPlatforms) = preSolution
		Debug|Any CPU = Debug|Any CPU
		Release|Any CPU = Release|Any CPU
	EndGlobalSection
	GlobalSection(ProjectConfigurationPlatforms) = postSolution
		{5E2CB90F-C65F-43BD-967E-9965617A0F65}.Debug|Any CPU.ActiveCfg = Debug|Any CPU
		{5E2CB90F-C65F-43BD-967E-9965617A0F65}.Debug|Any CPU.Build.0 = Debug|Any CPU
		{5E2CB90F-C65F-43BD-967E-9965617A0F65}.Release|Any CPU.ActiveCfg = Release|Any CPU
		{5E2CB90F-C65F-43BD-967E-9965617A0F65}.Release|Any CPU.Build.0 = Release|Any CPU
		{02E87604-162E-497E-8AFB-D0317075C7DC}.Debug|Any CPU.ActiveCfg = Debug|Any CPU
		{02E87604-162E-497E-8AFB-D0317075C7DC}.Debug|Any CPU.Build.0 = Debug|Any CPU
		{02E87604-162E-497E-8AFB-D0317075C7DC}.Debug|Any CPU.Deploy.0 = Debug|Any CPU
		{02E87604-162E-497E-8AFB-D0317075C7DC}.Release|Any CPU.ActiveCfg = Release|Any CPU
		{02E87604-162E-497E-8AFB-D0317075C7DC}.Release|Any CPU.Build.0 = Release|Any CPU
		{02E87604-162E-497E-8AFB-D0317075C7DC}.Release|Any CPU.Deploy.0 = Release|Any CPU
	EndGlobalSection
	GlobalSection(SolutionProperties) = preSolution
		HideSolutionNode = FALSE
	EndGlobalSection
	GlobalSection(ExtensibilityGlobals) = postSolution
		SolutionGuid = {1D3DC874-2D8F-4CE9-8309-B7D2FB97E421}
	EndGlobalSection
EndGlobal
